{
  "nodes": {
    "c3c-binary": {
      "flake": false,
      "locked": {
        "lastModified": 1789116464,
        "narHash": "sha256-DPBbyieiocMIuWscupo6aUL9Mar2O8Cbq/3jo2bQnp0=",
        "type": "tarball",
        "url": "https://github.com/c3lang/c3c/releases/download/v0.8.4/c3-linux-static.tar.gz"
      },
      "original": {
        "type": "tarball",
        "url": "https://github.com/c3lang/c3c/releases/download/v0.8.4/c3-linux-static.tar.gz"
      }
    },
    "c3c-source": {
      "flake": false,
      "locked": {
        "lastModified": 1789116328,
        "narHash": "sha256-SuG27bZAnvtlZQHbrgZKufXawok5f3ePNU7fwmnVaqU=",
        "owner": "c3lang",
        "repo": "c3c",
        "rev": "3c446b5af28f79cef0204c86fbd2c1c4a8b75d32",
        "type": "github"
      },
      "original": {
        "owner": "c3lang",
        "ref": "v0.8.4",
        "repo": "c3c",
        "type": "github"
      }
    },
    "c3pm_src_github_smfloris_c3c_vendor_4078588a": {
      "flake": false,
      "locked": {
        "lastModified": 1790005626,
        "narHash": "sha256-PbEw6iBZT95ACCLlRFMUzumsjFbCaS3tXtMhbRb1+Uo=",
        "owner": "SMFloris",
        "repo": "c3c-vendor",
        "rev": "6e680c169902ac94d39e492da15bb601fa839578",
        "type": "github"
      },
      "original": {
        "owner": "SMFloris",
        "ref": "c3pm",
        "repo": "c3c-vendor",
        "type": "github"
      }
    },
    "nixpkgs": {
      "locked": {
        "lastModified": 1789632929,
        "narHash": "sha256-RjR8AyvGlWuw16XRj7C1YDEw4E27ciuyPeB2nDMzgTU=",
        "owner": "NixOS",
        "repo": "nixpkgs",
        "rev": "a32edd7654519351e48e80372a928df336394670",
        "type": "github"
      },
      "original": {
        "owner": "NixOS",
        "ref": "nixpkgs-unstable",
        "repo": "nixpkgs",
        "type": "github"
      }
    },
    "root": {
      "inputs": {
        "c3c-binary": "c3c-binary",
        "c3c-source": "c3c-source",
        "c3pm_src_github_smfloris_c3c_vendor_4078588a": "c3pm_src_github_smfloris_c3c_vendor_4078588a",
        "nixpkgs": "nixpkgs"
      }
    }
  },
  "root": "root",
  "version": 7
}
